// !$*UTF8*$!
{
	archiveVersion = 1;
	classes = {
	};
	objectVersion = 46;
	objects = {

/* Begin PBXBuildFile section */
		5E688DB8F0A518713D976BE9 /* Pods_MVVM-RxSwift.framework in Frameworks */ = {isa = PBXBuildFile; fileRef = AEF07FF87B6A6C0777F0E2C6 /* Pods_MVVM-RxSwift.framework */; };
		7E87046839192E71D86AB69D /* Pods_MVVM_RxSwift.framework in Frameworks */ = {isa = PBXBuildFile; fileRef = 89F51A93AE44A222BBEE2878 /* Pods_MVVM_RxSwift.framework */; };
		9A2112491EC4A72300FFC5FE /* MatchsViewModel.swift in Sources */ = {isa = PBXBuildFile; fileRef = 9A2112481EC4A72300FFC5FE /* MatchsViewModel.swift */; };
		9A21124B1EC5AFE200FFC5FE /* MatchsViewModelFromMatchs.swift in Sources */ = {isa = PBXBuildFile; fileRef = 9A21124A1EC5AFE200FFC5FE /* MatchsViewModelFromMatchs.swift */; };
		9A21124D1EC5B14C00FFC5FE /* MatchCellViewModelFromMatch.swift in Sources */ = {isa = PBXBuildFile; fileRef = 9A21124C1EC5B14C00FFC5FE /* MatchCellViewModelFromMatch.swift */; };
		9A6411A91ED30EEE00C07923 /* AppDelegate.swift in Sources */ = {isa = PBXBuildFile; fileRef = 9AB3D2581E858FDC0011FB70 /* AppDelegate.swift */; };
		9A6411AB1ED312CC00C07923 /* MatchCell.swift in Sources */ = {isa = PBXBuildFile; fileRef = 9AB3D2A01E8693450011FB70 /* MatchCell.swift */; };
		9A98A5B11E86C8B100E18A35 /* SimpleDatePicker.m in Sources */ = {isa = PBXBuildFile; fileRef = 9A98A5AF1E86C8B100E18A35 /* SimpleDatePicker.m */; };
		9A98A5B21E86C8B100E18A35 /* SimpleDatePicker.xib in Resources */ = {isa = PBXBuildFile; fileRef = 9A98A5B01E86C8B100E18A35 /* SimpleDatePicker.xib */; };
		9A98A5B61E86F9EB00E18A35 /* MatchCastController.swift in Sources */ = {isa = PBXBuildFile; fileRef = 9A98A5B51E86F9EB00E18A35 /* MatchCastController.swift */; };
		9AB3D25E1E858FDC0011FB70 /* Main.storyboard in Resources */ = {isa = PBXBuildFile; fileRef = 9AB3D25C1E858FDC0011FB70 /* Main.storyboard */; };
		9AB3D2601E858FDC0011FB70 /* Assets.xcassets in Resources */ = {isa = PBXBuildFile; fileRef = 9AB3D25F1E858FDC0011FB70 /* Assets.xcassets */; };
		9AB3D2631E858FDC0011FB70 /* LaunchScreen.storyboard in Resources */ = {isa = PBXBuildFile; fileRef = 9AB3D2611E858FDC0011FB70 /* LaunchScreen.storyboard */; };
		9AB3D2811E85964E0011FB70 /* Constants.swift in Sources */ = {isa = PBXBuildFile; fileRef = 9AB3D2801E85964E0011FB70 /* Constants.swift */; };
		9AB3D28E1E85E1710011FB70 /* Match.swift in Sources */ = {isa = PBXBuildFile; fileRef = 9AB3D28D1E85E1710011FB70 /* Match.swift */; };
		9AB3D2901E85E4250011FB70 /* MatchScore.swift in Sources */ = {isa = PBXBuildFile; fileRef = 9AB3D28F1E85E4250011FB70 /* MatchScore.swift */; };
		9AB3D2921E85E4370011FB70 /* Goals.swift in Sources */ = {isa = PBXBuildFile; fileRef = 9AB3D2911E85E4370011FB70 /* Goals.swift */; };
		9AB3D2941E85EB6C0011FB70 /* Team.swift in Sources */ = {isa = PBXBuildFile; fileRef = 9AB3D2931E85EB6C0011FB70 /* Team.swift */; };
		9AB3D2961E85EF720011FB70 /* APIManager.swift in Sources */ = {isa = PBXBuildFile; fileRef = 9AB3D2951E85EF720011FB70 /* APIManager.swift */; };
		9AB3D2981E85EF7A0011FB70 /* LivescoresRouter.swift in Sources */ = {isa = PBXBuildFile; fileRef = 9AB3D2971E85EF7A0011FB70 /* LivescoresRouter.swift */; };
		9AB3D29A1E8608EF0011FB70 /* Cards.swift in Sources */ = {isa = PBXBuildFile; fileRef = 9AB3D2991E8608EF0011FB70 /* Cards.swift */; };
		9AB3D29C1E867AB30011FB70 /* MatchsController.swift in Sources */ = {isa = PBXBuildFile; fileRef = 9AB3D29B1E867AB30011FB70 /* MatchsController.swift */; };
		9AB3D2A31E8698460011FB70 /* Extensions.swift in Sources */ = {isa = PBXBuildFile; fileRef = 9AB3D2A21E8698460011FB70 /* Extensions.swift */; };
		9AE6249D1E87CB7100E9AE9A /* MatchCast.swift in Sources */ = {isa = PBXBuildFile; fileRef = 9A98A5B31E86F48200E18A35 /* MatchCast.swift */; };
		9AE6249F1E87DC7E00E9AE9A /* DBHelper.swift in Sources */ = {isa = PBXBuildFile; fileRef = 9AE6249E1E87DC7E00E9AE9A /* DBHelper.swift */; };
/* End PBXBuildFile section */

/* Begin PBXFileReference section */
		89F51A93AE44A222BBEE2878 /* Pods_MVVM_RxSwift.framework */ = {isa = PBXFileReference; explicitFileType = wrapper.framework; includeInIndex = 0; path = Pods_MVVM_RxSwift.framework; sourceTree = BUILT_PRODUCTS_DIR; };
		9A2112481EC4A72300FFC5FE /* MatchsViewModel.swift */ = {isa = PBXFileReference; fileEncoding = 4; lastKnownFileType = sourcecode.swift; path = MatchsViewModel.swift; sourceTree = "<group>"; };
		9A21124A1EC5AFE200FFC5FE /* MatchsViewModelFromMatchs.swift */ = {isa = PBXFileReference; fileEncoding = 4; lastKnownFileType = sourcecode.swift; path = MatchsViewModelFromMatchs.swift; sourceTree = "<group>"; };
		9A21124C1EC5B14C00FFC5FE /* MatchCellViewModelFromMatch.swift */ = {isa = PBXFileReference; fileEncoding = 4; lastKnownFileType = sourcecode.swift; path = MatchCellViewModelFromMatch.swift; sourceTree = "<group>"; };
		9A6411A81ED2F52B00C07923 /* MVVM-RxSwift-Bridging-Header.h */ = {isa = PBXFileReference; fileEncoding = 4; lastKnownFileType = sourcecode.c.h; path = "MVVM-RxSwift-Bridging-Header.h"; sourceTree = "<group>"; };
		9A98A5AE1E86C8B100E18A35 /* SimpleDatePicker.h */ = {isa = PBXFileReference; fileEncoding = 4; lastKnownFileType = sourcecode.c.h; name = SimpleDatePicker.h; path = ThirdParty/SimpleDatePicker.h; sourceTree = "<group>"; };
		9A98A5AF1E86C8B100E18A35 /* SimpleDatePicker.m */ = {isa = PBXFileReference; fileEncoding = 4; lastKnownFileType = sourcecode.c.objc; name = SimpleDatePicker.m; path = ThirdParty/SimpleDatePicker.m; sourceTree = "<group>"; };
		9A98A5B01E86C8B100E18A35 /* SimpleDatePicker.xib */ = {isa = PBXFileReference; fileEncoding = 4; lastKnownFileType = file.xib; name = SimpleDatePicker.xib; path = ThirdParty/SimpleDatePicker.xib; sourceTree = "<group>"; };
		9A98A5B31E86F48200E18A35 /* MatchCast.swift */ = {isa = PBXFileReference; fileEncoding = 4; lastKnownFileType = sourcecode.swift; path = MatchCast.swift; sourceTree = "<group>"; };
		9A98A5B51E86F9EB00E18A35 /* MatchCastController.swift */ = {isa = PBXFileReference; fileEncoding = 4; lastKnownFileType = sourcecode.swift; path = MatchCastController.swift; sourceTree = "<group>"; };
		9AB3D2551E858FDC0011FB70 /* MVVM-RxSwift.app */ = {isa = PBXFileReference; explicitFileType = wrapper.application; includeInIndex = 0; path = "MVVM-RxSwift.app"; sourceTree = BUILT_PRODUCTS_DIR; };
		9AB3D2581E858FDC0011FB70 /* AppDelegate.swift */ = {isa = PBXFileReference; lastKnownFileType = sourcecode.swift; path = AppDelegate.swift; sourceTree = "<group>"; };
		9AB3D25D1E858FDC0011FB70 /* Base */ = {isa = PBXFileReference; lastKnownFileType = file.storyboard; name = Base; path = Base.lproj/Main.storyboard; sourceTree = "<group>"; };
		9AB3D25F1E858FDC0011FB70 /* Assets.xcassets */ = {isa = PBXFileReference; lastKnownFileType = folder.assetcatalog; path = Assets.xcassets; sourceTree = "<group>"; };
		9AB3D2621E858FDC0011FB70 /* Base */ = {isa = PBXFileReference; lastKnownFileType = file.storyboard; name = Base; path = Base.lproj/LaunchScreen.storyboard; sourceTree = "<group>"; };
		9AB3D2641E858FDC0011FB70 /* Info.plist */ = {isa = PBXFileReference; lastKnownFileType = text.plist.xml; path = Info.plist; sourceTree = "<group>"; };
		9AB3D2801E85964E0011FB70 /* Constants.swift */ = {isa = PBXFileReference; fileEncoding = 4; lastKnownFileType = sourcecode.swift; path = Constants.swift; sourceTree = "<group>"; };
		9AB3D28D1E85E1710011FB70 /* Match.swift */ = {isa = PBXFileReference; fileEncoding = 4; lastKnownFileType = sourcecode.swift; path = Match.swift; sourceTree = "<group>"; };
		9AB3D28F1E85E4250011FB70 /* MatchScore.swift */ = {isa = PBXFileReference; fileEncoding = 4; lastKnownFileType = sourcecode.swift; path = MatchScore.swift; sourceTree = "<group>"; };
		9AB3D2911E85E4370011FB70 /* Goals.swift */ = {isa = PBXFileReference; fileEncoding = 4; lastKnownFileType = sourcecode.swift; path = Goals.swift; sourceTree = "<group>"; };
		9AB3D2931E85EB6C0011FB70 /* Team.swift */ = {isa = PBXFileReference; fileEncoding = 4; lastKnownFileType = sourcecode.swift; path = Team.swift; sourceTree = "<group>"; };
		9AB3D2951E85EF720011FB70 /* APIManager.swift */ = {isa = PBXFileReference; fileEncoding = 4; lastKnownFileType = sourcecode.swift; name = APIManager.swift; path = "MVVM-RxSwift/APIManager.swift"; sourceTree = SOURCE_ROOT; };
		9AB3D2971E85EF7A0011FB70 /* LivescoresRouter.swift */ = {isa = PBXFileReference; fileEncoding = 4; lastKnownFileType = sourcecode.swift; name = LivescoresRouter.swift; path = "MVVM-RxSwift/LivescoresRouter.swift"; sourceTree = SOURCE_ROOT; };
		9AB3D2991E8608EF0011FB70 /* Cards.swift */ = {isa = PBXFileReference; fileEncoding = 4; lastKnownFileType = sourcecode.swift; path = Cards.swift; sourceTree = "<group>"; };
		9AB3D29B1E867AB30011FB70 /* MatchsController.swift */ = {isa = PBXFileReference; fileEncoding = 4; lastKnownFileType = sourcecode.swift; path = MatchsController.swift; sourceTree = "<group>"; };
		9AB3D2A01E8693450011FB70 /* MatchCell.swift */ = {isa = PBXFileReference; fileEncoding = 4; lastKnownFileType = sourcecode.swift; path = MatchCell.swift; sourceTree = "<group>"; };
		9AB3D2A21E8698460011FB70 /* Extensions.swift */ = {isa = PBXFileReference; fileEncoding = 4; lastKnownFileType = sourcecode.swift; path = Extensions.swift; sourceTree = "<group>"; };
		9AE6249E1E87DC7E00E9AE9A /* DBHelper.swift */ = {isa = PBXFileReference; fileEncoding = 4; lastKnownFileType = sourcecode.swift; path = DBHelper.swift; sourceTree = "<group>"; };
		A37A99A7AEF1D5503994CC62 /* Pods-MVVM-RxSwift.debug.xcconfig */ = {isa = PBXFileReference; includeInIndex = 1; lastKnownFileType = text.xcconfig; name = "Pods-MVVM-RxSwift.debug.xcconfig"; path = "Pods/Target Support Files/Pods-MVVM-RxSwift/Pods-MVVM-RxSwift.debug.xcconfig"; sourceTree = "<group>"; };
		AEF07FF87B6A6C0777F0E2C6 /* Pods_MVVM-RxSwift.framework */ = {isa = PBXFileReference; explicitFileType = wrapper.framework; includeInIndex = 0; path = "Pods_MVVM-RxSwift.framework"; sourceTree = BUILT_PRODUCTS_DIR; };
		D14D370C1EE9846109D1FB64 /* Pods-MVVM-RxSwift.release.xcconfig */ = {isa = PBXFileReference; includeInIndex = 1; lastKnownFileType = text.xcconfig; name = "Pods-MVVM-RxSwift.release.xcconfig"; path = "Pods/Target Support Files/Pods-MVVM-RxSwift/Pods-MVVM-RxSwift.release.xcconfig"; sourceTree = "<group>"; };
/* End PBXFileReference section */

/* Begin PBXFrameworksBuildPhase section */
		9AB3D2521E858FDB0011FB70 /* Frameworks */ = {
			isa = PBXFrameworksBuildPhase;
			buildActionMask = 2147483647;
			files = (
				5E688DB8F0A518713D976BE9 /* Pods_MVVM-RxSwift.framework in Frameworks */,
				7E87046839192E71D86AB69D /* Pods_MVVM_RxSwift.framework in Frameworks */,
			);
			runOnlyForDeploymentPostprocessing = 0;
		};
/* End PBXFrameworksBuildPhase section */

/* Begin PBXGroup section */
		1185B0CEC4F85F8515405052 /* Frameworks */ = {
			isa = PBXGroup;
			children = (
				AEF07FF87B6A6C0777F0E2C6 /* Pods_MVVM-RxSwift.framework */,
				89F51A93AE44A222BBEE2878 /* Pods_MVVM_RxSwift.framework */,
			);
			name = Frameworks;
			sourceTree = "<group>";
		};
		27C1D0B49D2CAC091FF61654 /* Pods */ = {
			isa = PBXGroup;
			children = (
				A37A99A7AEF1D5503994CC62 /* Pods-MVVM-RxSwift.debug.xcconfig */,
				D14D370C1EE9846109D1FB64 /* Pods-MVVM-RxSwift.release.xcconfig */,
			);
			name = Pods;
			sourceTree = "<group>";
		};
		9A2112471EC4A54200FFC5FE /* ViewModel */ = {
			isa = PBXGroup;
			children = (
				9A2112481EC4A72300FFC5FE /* MatchsViewModel.swift */,
				9A21124A1EC5AFE200FFC5FE /* MatchsViewModelFromMatchs.swift */,
				9A21124C1EC5B14C00FFC5FE /* MatchCellViewModelFromMatch.swift */,
			);
			name = ViewModel;
			sourceTree = "<group>";
		};
		9A98A5AC1E86C89A00E18A35 /* ThirdParty */ = {
			isa = PBXGroup;
			children = (
				9A6411A81ED2F52B00C07923 /* MVVM-RxSwift-Bridging-Header.h */,
				9A98A5AE1E86C8B100E18A35 /* SimpleDatePicker.h */,
				9A98A5AF1E86C8B100E18A35 /* SimpleDatePicker.m */,
				9A98A5B01E86C8B100E18A35 /* SimpleDatePicker.xib */,
			);
			name = ThirdParty;
			sourceTree = "<group>";
		};
		9AB3D24C1E858FDB0011FB70 = {
			isa = PBXGroup;
			children = (
				9AB3D2571E858FDC0011FB70 /* MVVM-RxSwift */,
				9AB3D2561E858FDC0011FB70 /* Products */,
				27C1D0B49D2CAC091FF61654 /* Pods */,
				1185B0CEC4F85F8515405052 /* Frameworks */,
			);
			sourceTree = "<group>";
		};
		9AB3D2561E858FDC0011FB70 /* Products */ = {
			isa = PBXGroup;
			children = (
				9AB3D2551E858FDC0011FB70 /* MVVM-RxSwift.app */,
			);
			name = Products;
			sourceTree = "<group>";
		};
		9AB3D2571E858FDC0011FB70 /* MVVM-RxSwift */ = {
			isa = PBXGroup;
			children = (
				9AB3D2581E858FDC0011FB70 /* AppDelegate.swift */,
				9AB3D2881E85DEAA0011FB70 /* API */,
				9AB3D28C1E85DF090011FB70 /* Controller */,
				9AB3D28B1E85DF070011FB70 /* Model */,
				9A2112471EC4A54200FFC5FE /* ViewModel */,
				9AB3D29E1E867CC50011FB70 /* View */,
				9AB3D27F1E8596300011FB70 /* Helpers */,
				9AB3D29D1E867CAA0011FB70 /* SupportedFiles */,
			);
			path = "MVVM-RxSwift";
			sourceTree = "<group>";
		};
		9AB3D27F1E8596300011FB70 /* Helpers */ = {
			isa = PBXGroup;
			children = (
				9A98A5AC1E86C89A00E18A35 /* ThirdParty */,
				9AB3D2801E85964E0011FB70 /* Constants.swift */,
				9AB3D2A21E8698460011FB70 /* Extensions.swift */,
				9AE6249E1E87DC7E00E9AE9A /* DBHelper.swift */,
			);
			name = Helpers;
			sourceTree = "<group>";
		};
		9AB3D2881E85DEAA0011FB70 /* API */ = {
			isa = PBXGroup;
			children = (
				9AB3D2951E85EF720011FB70 /* APIManager.swift */,
				9AB3D2971E85EF7A0011FB70 /* LivescoresRouter.swift */,
			);
			name = API;
			path = "untitled folder";
			sourceTree = "<group>";
		};
		9AB3D28B1E85DF070011FB70 /* Model */ = {
			isa = PBXGroup;
			children = (
				9AB3D28D1E85E1710011FB70 /* Match.swift */,
				9A98A5B31E86F48200E18A35 /* MatchCast.swift */,
				9AB3D28F1E85E4250011FB70 /* MatchScore.swift */,
				9AB3D2911E85E4370011FB70 /* Goals.swift */,
				9AB3D2931E85EB6C0011FB70 /* Team.swift */,
				9AB3D2991E8608EF0011FB70 /* Cards.swift */,
			);
			name = Model;
			sourceTree = "<group>";
		};
		9AB3D28C1E85DF090011FB70 /* Controller */ = {
			isa = PBXGroup;
			children = (
				9AB3D29F1E8693210011FB70 /* Cells */,
				9AB3D29B1E867AB30011FB70 /* MatchsController.swift */,
				9A98A5B51E86F9EB00E18A35 /* MatchCastController.swift */,
			);
			name = Controller;
			sourceTree = "<group>";
		};
		9AB3D29D1E867CAA0011FB70 /* SupportedFiles */ = {
			isa = PBXGroup;
			children = (
				9AB3D25F1E858FDC0011FB70 /* Assets.xcassets */,
				9AB3D2641E858FDC0011FB70 /* Info.plist */,
			);
			name = SupportedFiles;
			sourceTree = "<group>";
		};
		9AB3D29E1E867CC50011FB70 /* View */ = {
			isa = PBXGroup;
			children = (
				9AB3D25C1E858FDC0011FB70 /* Main.storyboard */,
				9AB3D2611E858FDC0011FB70 /* LaunchScreen.storyboard */,
			);
			name = View;
			sourceTree = "<group>";
		};
		9AB3D29F1E8693210011FB70 /* Cells */ = {
			isa = PBXGroup;
			children = (
				9AB3D2A01E8693450011FB70 /* MatchCell.swift */,
			);
			name = Cells;
			sourceTree = "<group>";
		};
/* End PBXGroup section */

/* Begin PBXNativeTarget section */
		9AB3D2541E858FDB0011FB70 /* MVVM-RxSwift */ = {
			isa = PBXNativeTarget;
			buildConfigurationList = 9AB3D2671E858FDC0011FB70 /* Build configuration list for PBXNativeTarget "MVVM-RxSwift" */;
			buildPhases = (
				94B035F73057507B24F2102C /* [CP] Check Pods Manifest.lock */,
				9AB3D2511E858FDB0011FB70 /* Sources */,
				9AB3D2521E858FDB0011FB70 /* Frameworks */,
				9AB3D2531E858FDB0011FB70 /* Resources */,
				C11A07320395F99D0B97D269 /* [CP] Embed Pods Frameworks */,
				585872B468E5BC8CF58388A9 /* [CP] Copy Pods Resources */,
			);
			buildRules = (
			);
			dependencies = (
			);
			name = "MVVM-RxSwift";
			productName = "MVVM-RxSwift";
			productReference = 9AB3D2551E858FDC0011FB70 /* MVVM-RxSwift.app */;
			productType = "com.apple.product-type.application";
		};
/* End PBXNativeTarget section */

/* Begin PBXProject section */
		9AB3D24D1E858FDB0011FB70 /* Project object */ = {
			isa = PBXProject;
			attributes = {
				LastSwiftUpdateCheck = 0800;
				LastUpgradeCheck = 0830;
				ORGANIZATIONNAME = "Nikola Tomovic";
				TargetAttributes = {
					9AB3D2541E858FDB0011FB70 = {
						CreatedOnToolsVersion = 8.0;
						DevelopmentTeam = 6559L46QZD;
						LastSwiftMigration = 0800;
						ProvisioningStyle = Automatic;
					};
				};
			};
			buildConfigurationList = 9AB3D2501E858FDB0011FB70 /* Build configuration list for PBXProject "MVVM-RxSwift" */;
			compatibilityVersion = "Xcode 3.2";
			developmentRegion = English;
			hasScannedForEncodings = 0;
			knownRegions = (
				en,
				Base,
			);
			mainGroup = 9AB3D24C1E858FDB0011FB70;
			productRefGroup = 9AB3D2561E858FDC0011FB70 /* Products */;
			projectDirPath = "";
			projectRoot = "";
			targets = (
				9AB3D2541E858FDB0011FB70 /* MVVM-RxSwift */,
			);
		};
/* End PBXProject section */

/* Begin PBXResourcesBuildPhase section */
		9AB3D2531E858FDB0011FB70 /* Resources */ = {
			isa = PBXResourcesBuildPhase;
			buildActionMask = 2147483647;
			files = (
				9AB3D2631E858FDC0011FB70 /* LaunchScreen.storyboard in Resources */,
				9AB3D2601E858FDC0011FB70 /* Assets.xcassets in Resources */,
				9AB3D25E1E858FDC0011FB70 /* Main.storyboard in Resources */,
				9A98A5B21E86C8B100E18A35 /* SimpleDatePicker.xib in Resources */,
			);
			runOnlyForDeploymentPostprocessing = 0;
		};
/* End PBXResourcesBuildPhase section */

/* Begin PBXShellScriptBuildPhase section */
		585872B468E5BC8CF58388A9 /* [CP] Copy Pods Resources */ = {
			isa = PBXShellScriptBuildPhase;
			buildActionMask = 2147483647;
			files = (
			);
			inputPaths = (
			);
			name = "[CP] Copy Pods Resources";
			outputPaths = (
			);
			runOnlyForDeploymentPostprocessing = 0;
			shellPath = /bin/sh;
			shellScript = "\"${SRCROOT}/Pods/Target Support Files/Pods-MVVM-RxSwift/Pods-MVVM-RxSwift-resources.sh\"\n";
			showEnvVarsInLog = 0;
		};
		94B035F73057507B24F2102C /* [CP] Check Pods Manifest.lock */ = {
			isa = PBXShellScriptBuildPhase;
			buildActionMask = 2147483647;
			files = (
			);
			inputPaths = (
			);
			name = "[CP] Check Pods Manifest.lock";
			outputPaths = (
			);
			runOnlyForDeploymentPostprocessing = 0;
			shellPath = /bin/sh;
			shellScript = "diff \"${PODS_ROOT}/../Podfile.lock\" \"${PODS_ROOT}/Manifest.lock\" > /dev/null\nif [ $? != 0 ] ; then\n    # print error to STDERR\n    echo \"error: The sandbox is not in sync with the Podfile.lock. Run 'pod install' or update your CocoaPods installation.\" >&2\n    exit 1\nfi\n";
			showEnvVarsInLog = 0;
		};
		C11A07320395F99D0B97D269 /* [CP] Embed Pods Frameworks */ = {
			isa = PBXShellScriptBuildPhase;
			buildActionMask = 2147483647;
			files = (
			);
			inputPaths = (
			);
			name = "[CP] Embed Pods Frameworks";
			outputPaths = (
			);
			runOnlyForDeploymentPostprocessing = 0;
			shellPath = /bin/sh;
			shellScript = "\"${SRCROOT}/Pods/Target Support Files/Pods-MVVM-RxSwift/Pods-MVVM-RxSwift-frameworks.sh\"\n";
			showEnvVarsInLog = 0;
		};
/* End PBXShellScriptBuildPhase section */

/* Begin PBXSourcesBuildPhase section */
		9AB3D2511E858FDB0011FB70 /* Sources */ = {
			isa = PBXSourcesBuildPhase;
			buildActionMask = 2147483647;
			files = (
				9A6411AB1ED312CC00C07923 /* MatchCell.swift in Sources */,
				9AB3D2981E85EF7A0011FB70 /* LivescoresRouter.swift in Sources */,
				9A21124B1EC5AFE200FFC5FE /* MatchsViewModelFromMatchs.swift in Sources */,
				9A6411A91ED30EEE00C07923 /* AppDelegate.swift in Sources */,
				9AB3D28E1E85E1710011FB70 /* Match.swift in Sources */,
				9AB3D29A1E8608EF0011FB70 /* Cards.swift in Sources */,
				9AB3D2941E85EB6C0011FB70 /* Team.swift in Sources */,
				9AB3D2901E85E4250011FB70 /* MatchScore.swift in Sources */,
				9A98A5B61E86F9EB00E18A35 /* MatchCastController.swift in Sources */,
				9AE6249D1E87CB7100E9AE9A /* MatchCast.swift in Sources */,
				9A98A5B11E86C8B100E18A35 /* SimpleDatePicker.m in Sources */,
				9A2112491EC4A72300FFC5FE /* MatchsViewModel.swift in Sources */,
				9A21124D1EC5B14C00FFC5FE /* MatchCellViewModelFromMatch.swift in Sources */,
				9AB3D2811E85964E0011FB70 /* Constants.swift in Sources */,
				9AB3D2A31E8698460011FB70 /* Extensions.swift in Sources */,
				9AB3D2921E85E4370011FB70 /* Goals.swift in Sources */,
				9AB3D2961E85EF720011FB70 /* APIManager.swift in Sources */,
				9AB3D29C1E867AB30011FB70 /* MatchsController.swift in Sources */,
				9AE6249F1E87DC7E00E9AE9A /* DBHelper.swift in Sources */,
			);
			runOnlyForDeploymentPostprocessing = 0;
		};
/* End PBXSourcesBuildPhase section */

/* Begin PBXVariantGroup section */
		9AB3D25C1E858FDC0011FB70 /* Main.storyboard */ = {
			isa = PBXVariantGroup;
			children = (
				9AB3D25D1E858FDC0011FB70 /* Base */,
			);
			name = Main.storyboard;
			sourceTree = "<group>";
		};
		9AB3D2611E858FDC0011FB70 /* LaunchScreen.storyboard */ = {
			isa = PBXVariantGroup;
			children = (
				9AB3D2621E858FDC0011FB70 /* Base */,
			);
			name = LaunchScreen.storyboard;
			sourceTree = "<group>";
		};
/* End PBXVariantGroup section */

/* Begin XCBuildConfiguration section */
		9AB3D2651E858FDC0011FB70 /* Debug */ = {
			isa = XCBuildConfiguration;
			buildSettings = {
				ALWAYS_SEARCH_USER_PATHS = NO;
				CLANG_ANALYZER_NONNULL = YES;
				CLANG_CXX_LANGUAGE_STANDARD = "gnu++0x";
				CLANG_CXX_LIBRARY = "libc++";
				CLANG_ENABLE_MODULES = YES;
				CLANG_ENABLE_OBJC_ARC = YES;
				CLANG_WARN_BOOL_CONVERSION = YES;
				CLANG_WARN_CONSTANT_CONVERSION = YES;
				CLANG_WARN_DIRECT_OBJC_ISA_USAGE = YES_ERROR;
				CLANG_WARN_DOCUMENTATION_COMMENTS = YES;
				CLANG_WARN_EMPTY_BODY = YES;
				CLANG_WARN_ENUM_CONVERSION = YES;
				CLANG_WARN_INFINITE_RECURSION = YES;
				CLANG_WARN_INT_CONVERSION = YES;
				CLANG_WARN_OBJC_ROOT_CLASS = YES_ERROR;
				CLANG_WARN_SUSPICIOUS_MOVE = YES;
				CLANG_WARN_SUSPICIOUS_MOVES = YES;
				CLANG_WARN_UNREACHABLE_CODE = YES;
				CLANG_WARN__DUPLICATE_METHOD_MATCH = YES;
				"CODE_SIGN_IDENTITY[sdk=iphoneos*]" = "iPhone Developer";
				COPY_PHASE_STRIP = NO;
				DEBUG_INFORMATION_FORMAT = dwarf;
				ENABLE_STRICT_OBJC_MSGSEND = YES;
				ENABLE_TESTABILITY = YES;
				GCC_C_LANGUAGE_STANDARD = gnu99;
				GCC_DYNAMIC_NO_PIC = NO;
				GCC_NO_COMMON_BLOCKS = YES;
				GCC_OPTIMIZATION_LEVEL = 0;
				GCC_PREPROCESSOR_DEFINITIONS = (
					"DEBUG=1",
					"$(inherited)",
				);
				GCC_WARN_64_TO_32_BIT_CONVERSION = YES;
				GCC_WARN_ABOUT_RETURN_TYPE = YES_ERROR;
				GCC_WARN_UNDECLARED_SELECTOR = YES;
				GCC_WARN_UNINITIALIZED_AUTOS = YES_AGGRESSIVE;
				GCC_WARN_UNUSED_FUNCTION = YES;
				GCC_WARN_UNUSED_VARIABLE = YES;
				IPHONEOS_DEPLOYMENT_TARGET = 10.0;
				MTL_ENABLE_DEBUG_INFO = YES;
				ONLY_ACTIVE_ARCH = YES;
				SDKROOT = iphoneos;
				SWIFT_ACTIVE_COMPILATION_CONDITIONS = DEBUG;
				SWIFT_OPTIMIZATION_LEVEL = "-Onone";
				TARGETED_DEVICE_FAMILY = "1,2";
			};
			name = Debug;
		};
		9AB3D2661E858FDC0011FB70 /* Release */ = {
			isa = XCBuildConfiguration;
			buildSettings = {
				ALWAYS_SEARCH_USER_PATHS = NO;
				CLANG_ANALYZER_NONNULL = YES;
				CLANG_CXX_LANGUAGE_STANDARD = "gnu++0x";
				CLANG_CXX_LIBRARY = "libc++";
				CLANG_ENABLE_MODULES = YES;
				CLANG_ENABLE_OBJC_ARC = YES;
				CLANG_WARN_BOOL_CONVERSION = YES;
				CLANG_WARN_CONSTANT_CONVERSION = YES;
				CLANG_WARN_DIRECT_OBJC_ISA_USAGE = YES_ERROR;
				CLANG_WARN_DOCUMENTATION_COMMENTS = YES;
				CLANG_WARN_EMPTY_BODY = YES;
				CLANG_WARN_ENUM_CONVERSION = YES;
				CLANG_WARN_INFINITE_RECURSION = YES;
				CLANG_WARN_INT_CONVERSION = YES;
				CLANG_WARN_OBJC_ROOT_CLASS = YES_ERROR;
				CLANG_WARN_SUSPICIOUS_MOVE = YES;
				CLANG_WARN_SUSPICIOUS_MOVES = YES;
				CLANG_WARN_UNREACHABLE_CODE = YES;
				CLANG_WARN__DUPLICATE_METHOD_MATCH = YES;
				"CODE_SIGN_IDENTITY[sdk=iphoneos*]" = "iPhone Developer";
				COPY_PHASE_STRIP = NO;
				DEBUG_INFORMATION_FORMAT = "dwarf-with-dsym";
				ENABLE_NS_ASSERTIONS = NO;
				ENABLE_STRICT_OBJC_MSGSEND = YES;
				GCC_C_LANGUAGE_STANDARD = gnu99;
				GCC_NO_COMMON_BLOCKS = YES;
				GCC_WARN_64_TO_32_BIT_CONVERSION = YES;
				GCC_WARN_ABOUT_RETURN_TYPE = YES_ERROR;
				GCC_WARN_UNDECLARED_SELECTOR = YES;
				GCC_WARN_UNINITIALIZED_AUTOS = YES_AGGRESSIVE;
				GCC_WARN_UNUSED_FUNCTION = YES;
				GCC_WARN_UNUSED_VARIABLE = YES;
				IPHONEOS_DEPLOYMENT_TARGET = 10.0;
				MTL_ENABLE_DEBUG_INFO = NO;
				SDKROOT = iphoneos;
				SWIFT_OPTIMIZATION_LEVEL = "-Owholemodule";
				TARGETED_DEVICE_FAMILY = "1,2";
				VALIDATE_PRODUCT = YES;
			};
			name = Release;
		};
		9AB3D2681E858FDC0011FB70 /* Debug */ = {
			isa = XCBuildConfiguration;
			baseConfigurationReference = A37A99A7AEF1D5503994CC62 /* Pods-MVVM-RxSwift.debug.xcconfig */;
			buildSettings = {
				ASSETCATALOG_COMPILER_APPICON_NAME = AppIcon;
				CLANG_ENABLE_MODULES = YES;
				DEVELOPMENT_TEAM = 6559L46QZD;
				INFOPLIST_FILE = "MVVM-RxSwift/Info.plist";
				LD_RUNPATH_SEARCH_PATHS = "$(inherited) @executable_path/Frameworks";
				PRODUCT_BUNDLE_IDENTIFIER = "tomovic.MVVM-RxSwift";
				PRODUCT_NAME = "$(TARGET_NAME)";
				SWIFT_OBJC_BRIDGING_HEADER = "MVVM-RxSwift/MVVM-RxSwift-Bridging-Header.h";
				SWIFT_OPTIMIZATION_LEVEL = "-Onone";
				SWIFT_VERSION = 3.0;
			};
			name = Debug;
		};
		9AB3D2691E858FDC0011FB70 /* Release */ = {
			isa = XCBuildConfiguration;
			baseConfigurationReference = D14D370C1EE9846109D1FB64 /* Pods-MVVM-RxSwift.release.xcconfig */;
			buildSettings = {
				ASSETCATALOG_COMPILER_APPICON_NAME = AppIcon;
				CLANG_ENABLE_MODULES = YES;
				DEVELOPMENT_TEAM = 6559L46QZD;
				INFOPLIST_FILE = "MVVM-RxSwift/Info.plist";
				LD_RUNPATH_SEARCH_PATHS = "$(inherited) @executable_path/Frameworks";
				PRODUCT_BUNDLE_IDENTIFIER = "tomovic.MVVM-RxSwift";
				PRODUCT_NAME = "$(TARGET_NAME)";
				SWIFT_OBJC_BRIDGING_HEADER = "MVVM-RxSwift/MVVM-RxSwift-Bridging-Header.h";
				SWIFT_VERSION = 3.0;
			};
			name = Release;
		};
/* End XCBuildConfiguration section */

/* Begin XCConfigurationList section */
		9AB3D2501E858FDB0011FB70 /* Build configuration list for PBXProject "MVVM-RxSwift" */ = {
			isa = XCConfigurationList;
			buildConfigurations = (
				9AB3D2651E858FDC0011FB70 /* Debug */,
				9AB3D2661E858FDC0011FB70 /* Release */,
			);
			defaultConfigurationIsVisible = 0;
			defaultConfigurationName = Release;
		};
		9AB3D2671E858FDC0011FB70 /* Build configuration list for PBXNativeTarget "MVVM-RxSwift" */ = {
			isa = XCConfigurationList;
			buildConfigurations = (
				9AB3D2681E858FDC0011FB70 /* Debug */,
				9AB3D2691E858FDC0011FB70 /* Release */,
			);
			defaultConfigurationIsVisible = 0;
			defaultConfigurationName = Release;
		};
/* End XCConfigurationList section */
	};
	rootObject = 9AB3D24D1E858FDB0011FB70 /* Project object */;
}
