// !$*UTF8*$!
{
	archiveVersion = 1;
	classes = {
	};
	objectVersion = 46;
	objects = {

/* Begin PBXBuildFile section */
		9AB3D2591E858FDC0011FB70 /* AppDelegate.swift in Sources */ = {isa = PBXBuildFile; fileRef = 9AB3D2581E858FDC0011FB70 /* AppDelegate.swift */; };
		9AB3D25B1E858FDC0011FB70 /* ViewController.swift in Sources */ = {isa = PBXBuildFile; fileRef = 9AB3D25A1E858FDC0011FB70 /* ViewController.swift */; };
		9AB3D25E1E858FDC0011FB70 /* Main.storyboard in Resources */ = {isa = PBXBuildFile; fileRef = 9AB3D25C1E858FDC0011FB70 /* Main.storyboard */; };
		9AB3D2601E858FDC0011FB70 /* Assets.xcassets in Resources */ = {isa = PBXBuildFile; fileRef = 9AB3D25F1E858FDC0011FB70 /* Assets.xcassets */; };
		9AB3D2631E858FDC0011FB70 /* LaunchScreen.storyboard in Resources */ = {isa = PBXBuildFile; fileRef = 9AB3D2611E858FDC0011FB70 /* LaunchScreen.storyboard */; };
/* End PBXBuildFile section */

/* Begin PBXFileReference section */
		9AB3D2551E858FDC0011FB70 /* MozzartSport.app */ = {isa = PBXFileReference; explicitFileType = wrapper.application; includeInIndex = 0; path = MozzartSport.app; sourceTree = BUILT_PRODUCTS_DIR; };
		9AB3D2581E858FDC0011FB70 /* AppDelegate.swift */ = {isa = PBXFileReference; lastKnownFileType = sourcecode.swift; path = AppDelegate.swift; sourceTree = "<group>"; };
		9AB3D25A1E858FDC0011FB70 /* ViewController.swift */ = {isa = PBXFileReference; lastKnownFileType = sourcecode.swift; path = ViewController.swift; sourceTree = "<group>"; };
		9AB3D25D1E858FDC0011FB70 /* Base */ = {isa = PBXFileReference; lastKnownFileType = file.storyboard; name = Base; path = Base.lproj/Main.storyboard; sourceTree = "<group>"; };
		9AB3D25F1E858FDC0011FB70 /* Assets.xcassets */ = {isa = PBXFileReference; lastKnownFileType = folder.assetcatalog; path = Assets.xcassets; sourceTree = "<group>"; };
		9AB3D2621E858FDC0011FB70 /* Base */ = {isa = PBXFileReference; lastKnownFileType = file.storyboard; name = Base; path = Base.lproj/LaunchScreen.storyboard; sourceTree = "<group>"; };
		9AB3D2641E858FDC0011FB70 /* Info.plist */ = {isa = PBXFileReference; lastKnownFileType = text.plist.xml; path = Info.plist; sourceTree = "<group>"; };
/* End PBXFileReference section */

/* Begin PBXFrameworksBuildPhase section */
		9AB3D2521E858FDB0011FB70 /* Frameworks */ = {
			isa = PBXFrameworksBuildPhase;
			buildActionMask = 2147483647;
			files = (
			);
			runOnlyForDeploymentPostprocessing = 0;
		};
/* End PBXFrameworksBuildPhase section */

/* Begin PBXGroup section */
		9AB3D24C1E858FDB0011FB70 = {
			isa = PBXGroup;
			children = (
				9AB3D2571E858FDC0011FB70 /* MozzartSport */,
				9AB3D2561E858FDC0011FB70 /* Products */,
			);
			sourceTree = "<group>";
		};
		9AB3D2561E858FDC0011FB70 /* Products */ = {
			isa = PBXGroup;
			children = (
				9AB3D2551E858FDC0011FB70 /* MozzartSport.app */,
			);
			name = Products;
			sourceTree = "<group>";
		};
		9AB3D2571E858FDC0011FB70 /* MozzartSport */ = {
			isa = PBXGroup;
			children = (
				9AB3D2581E858FDC0011FB70 /* AppDelegate.swift */,
				9AB3D25A1E858FDC0011FB70 /* ViewController.swift */,
				9AB3D25C1E858FDC0011FB70 /* Main.storyboard */,
				9AB3D25F1E858FDC0011FB70 /* Assets.xcassets */,
				9AB3D2611E858FDC0011FB70 /* LaunchScreen.storyboard */,
				9AB3D2641E858FDC0011FB70 /* Info.plist */,
			);
			path = MozzartSport;
			sourceTree = "<group>";
		};
/* End PBXGroup section */

/* Begin PBXNativeTarget section */
		9AB3D2541E858FDB0011FB70 /* MozzartSport */ = {
			isa = PBXNativeTarget;
			buildConfigurationList = 9AB3D2671E858FDC0011FB70 /* Build configuration list for PBXNativeTarget "MozzartSport" */;
			buildPhases = (
				9AB3D2511E858FDB0011FB70 /* Sources */,
				9AB3D2521E858FDB0011FB70 /* Frameworks */,
				9AB3D2531E858FDB0011FB70 /* Resources */,
			);
			buildRules = (
			);
			dependencies = (
			);
			name = MozzartSport;
			productName = MozzartSport;
			productReference = 9AB3D2551E858FDC0011FB70 /* MozzartSport.app */;
			productType = "com.apple.product-type.application";
		};
/* End PBXNativeTarget section */

/* Begin PBXProject section */
		9AB3D24D1E858FDB0011FB70 /* Project object */ = {
			isa = PBXProject;
			attributes = {
				LastSwiftUpdateCheck = 0800;
				LastUpgradeCheck = 0800;
				ORGANIZATIONNAME = "Nikola Tomovic";
				TargetAttributes = {
					9AB3D2541E858FDB0011FB70 = {
						CreatedOnToolsVersion = 8.0;
						ProvisioningStyle = Automatic;
					};
				};
			};
			buildConfigurationList = 9AB3D2501E858FDB0011FB70 /* Build configuration list for PBXProject "MozzartSport" */;
			compatibilityVersion = "Xcode 3.2";
			developmentRegion = English;
			hasScannedForEncodings = 0;
			knownRegions = (
				en,
				Base,
			);
			mainGroup = 9AB3D24C1E858FDB0011FB70;
			productRefGroup = 9AB3D2561E858FDC0011FB70 /* Products */;
			projectDirPath = "";
			projectRoot = "";
			targets = (
				9AB3D2541E858FDB0011FB70 /* MozzartSport */,
			);
		};
/* End PBXProject section */

/* Begin PBXResourcesBuildPhase section */
		9AB3D2531E858FDB0011FB70 /* Resources */ = {
			isa = PBXResourcesBuildPhase;
			buildActionMask = 2147483647;
			files = (
				9AB3D2631E858FDC0011FB70 /* LaunchScreen.storyboard in Resources */,
				9AB3D2601E858FDC0011FB70 /* Assets.xcassets in Resources */,
				9AB3D25E1E858FDC0011FB70 /* Main.storyboard in Resources */,
			);
			runOnlyForDeploymentPostprocessing = 0;
		};
/* End PBXResourcesBuildPhase section */

/* Begin PBXSourcesBuildPhase section */
		9AB3D2511E858FDB0011FB70 /* Sources */ = {
			isa = PBXSourcesBuildPhase;
			buildActionMask = 2147483647;
			files = (
				9AB3D25B1E858FDC0011FB70 /* ViewController.swift in Sources */,
				9AB3D2591E858FDC0011FB70 /* AppDelegate.swift in Sources */,
			);
			runOnlyForDeploymentPostprocessing = 0;
		};
/* End PBXSourcesBuildPhase section */

/* Begin PBXVariantGroup section */
		9AB3D25C1E858FDC0011FB70 /* Main.storyboard */ = {
			isa = PBXVariantGroup;
			children = (
				9AB3D25D1E858FDC0011FB70 /* Base */,
			);
			name = Main.storyboard;
			sourceTree = "<group>";
		};
		9AB3D2611E858FDC0011FB70 /* LaunchScreen.storyboard */ = {
			isa = PBXVariantGroup;
			children = (
				9AB3D2621E858FDC0011FB70 /* Base */,
			);
			name = LaunchScreen.storyboard;
			sourceTree = "<group>";
		};
/* End PBXVariantGroup section */

/* Begin XCBuildConfiguration section */
		9AB3D2651E858FDC0011FB70 /* Debug */ = {
			isa = XCBuildConfiguration;
			buildSettings = {
				ALWAYS_SEARCH_USER_PATHS = NO;
				CLANG_ANALYZER_NONNULL = YES;
				CLANG_CXX_LANGUAGE_STANDARD = "gnu++0x";
				CLANG_CXX_LIBRARY = "libc++";
				CLANG_ENABLE_MODULES = YES;
				CLANG_ENABLE_OBJC_ARC = YES;
				CLANG_WARN_BOOL_CONVERSION = YES;
				CLANG_WARN_CONSTANT_CONVERSION = YES;
				CLANG_WARN_DIRECT_OBJC_ISA_USAGE = YES_ERROR;
				CLANG_WARN_DOCUMENTATION_COMMENTS = YES;
				CLANG_WARN_EMPTY_BODY = YES;
				CLANG_WARN_ENUM_CONVERSION = YES;
				CLANG_WARN_INFINITE_RECURSION = YES;
				CLANG_WARN_INT_CONVERSION = YES;
				CLANG_WARN_OBJC_ROOT_CLASS = YES_ERROR;
				CLANG_WARN_SUSPICIOUS_MOVES = YES;
				CLANG_WARN_UNREACHABLE_CODE = YES;
				CLANG_WARN__DUPLICATE_METHOD_MATCH = YES;
				"CODE_SIGN_IDENTITY[sdk=iphoneos*]" = "iPhone Developer";
				COPY_PHASE_STRIP = NO;
				DEBUG_INFORMATION_FORMAT = dwarf;
				ENABLE_STRICT_OBJC_MSGSEND = YES;
				ENABLE_TESTABILITY = YES;
				GCC_C_LANGUAGE_STANDARD = gnu99;
				GCC_DYNAMIC_NO_PIC = NO;
				GCC_NO_COMMON_BLOCKS = YES;
				GCC_OPTIMIZATION_LEVEL = 0;
				GCC_PREPROCESSOR_DEFINITIONS = (
					"DEBUG=1",
					"$(inherited)",
				);
				GCC_WARN_64_TO_32_BIT_CONVERSION = YES;
				GCC_WARN_ABOUT_RETURN_TYPE = YES_ERROR;
				GCC_WARN_UNDECLARED_SELECTOR = YES;
				GCC_WARN_UNINITIALIZED_AUTOS = YES_AGGRESSIVE;
				GCC_WARN_UNUSED_FUNCTION = YES;
				GCC_WARN_UNUSED_VARIABLE = YES;
				IPHONEOS_DEPLOYMENT_TARGET = 10.0;
				MTL_ENABLE_DEBUG_INFO = YES;
				ONLY_ACTIVE_ARCH = YES;
				SDKROOT = iphoneos;
				SWIFT_ACTIVE_COMPILATION_CONDITIONS = DEBUG;
				SWIFT_OPTIMIZATION_LEVEL = "-Onone";
				TARGETED_DEVICE_FAMILY = "1,2";
			};
			name = Debug;
		};
		9AB3D2661E858FDC0011FB70 /* Release */ = {
			isa = XCBuildConfiguration;
			buildSettings = {
				ALWAYS_SEARCH_USER_PATHS = NO;
				CLANG_ANALYZER_NONNULL = YES;
				CLANG_CXX_LANGUAGE_STANDARD = "gnu++0x";
				CLANG_CXX_LIBRARY = "libc++";
				CLANG_ENABLE_MODULES = YES;
				CLANG_ENABLE_OBJC_ARC = YES;
				CLANG_WARN_BOOL_CONVERSION = YES;
				CLANG_WARN_CONSTANT_CONVERSION = YES;
				CLANG_WARN_DIRECT_OBJC_ISA_USAGE = YES_ERROR;
				CLANG_WARN_DOCUMENTATION_COMMENTS = YES;
				CLANG_WARN_EMPTY_BODY = YES;
				CLANG_WARN_ENUM_CONVERSION = YES;
				CLANG_WARN_INFINITE_RECURSION = YES;
				CLANG_WARN_INT_CONVERSION = YES;
				CLANG_WARN_OBJC_ROOT_CLASS = YES_ERROR;
				CLANG_WARN_SUSPICIOUS_MOVES = YES;
				CLANG_WARN_UNREACHABLE_CODE = YES;
				CLANG_WARN__DUPLICATE_METHOD_MATCH = YES;
				"CODE_SIGN_IDENTITY[sdk=iphoneos*]" = "iPhone Developer";
				COPY_PHASE_STRIP = NO;
				DEBUG_INFORMATION_FORMAT = "dwarf-with-dsym";
				ENABLE_NS_ASSERTIONS = NO;
				ENABLE_STRICT_OBJC_MSGSEND = YES;
				GCC_C_LANGUAGE_STANDARD = gnu99;
				GCC_NO_COMMON_BLOCKS = YES;
				GCC_WARN_64_TO_32_BIT_CONVERSION = YES;
				GCC_WARN_ABOUT_RETURN_TYPE = YES_ERROR;
				GCC_WARN_UNDECLARED_SELECTOR = YES;
				GCC_WARN_UNINITIALIZED_AUTOS = YES_AGGRESSIVE;
				GCC_WARN_UNUSED_FUNCTION = YES;
				GCC_WARN_UNUSED_VARIABLE = YES;
				IPHONEOS_DEPLOYMENT_TARGET = 10.0;
				MTL_ENABLE_DEBUG_INFO = NO;
				SDKROOT = iphoneos;
				SWIFT_OPTIMIZATION_LEVEL = "-Owholemodule";
				TARGETED_DEVICE_FAMILY = "1,2";
				VALIDATE_PRODUCT = YES;
			};
			name = Release;
		};
		9AB3D2681E858FDC0011FB70 /* Debug */ = {
			isa = XCBuildConfiguration;
			buildSettings = {
				ASSETCATALOG_COMPILER_APPICON_NAME = AppIcon;
				INFOPLIST_FILE = MozzartSport/Info.plist;
				LD_RUNPATH_SEARCH_PATHS = "$(inherited) @executable_path/Frameworks";
				PRODUCT_BUNDLE_IDENTIFIER = tomovic.MozzartSport;
				PRODUCT_NAME = "$(TARGET_NAME)";
				SWIFT_VERSION = 3.0;
			};
			name = Debug;
		};
		9AB3D2691E858FDC0011FB70 /* Release */ = {
			isa = XCBuildConfiguration;
			buildSettings = {
				ASSETCATALOG_COMPILER_APPICON_NAME = AppIcon;
				INFOPLIST_FILE = MozzartSport/Info.plist;
				LD_RUNPATH_SEARCH_PATHS = "$(inherited) @executable_path/Frameworks";
				PRODUCT_BUNDLE_IDENTIFIER = tomovic.MozzartSport;
				PRODUCT_NAME = "$(TARGET_NAME)";
				SWIFT_VERSION = 3.0;
			};
			name = Release;
		};
/* End XCBuildConfiguration section */

/* Begin XCConfigurationList section */
		9AB3D2501E858FDB0011FB70 /* Build configuration list for PBXProject "MozzartSport" */ = {
			isa = XCConfigurationList;
			buildConfigurations = (
				9AB3D2651E858FDC0011FB70 /* Debug */,
				9AB3D2661E858FDC0011FB70 /* Release */,
			);
			defaultConfigurationIsVisible = 0;
			defaultConfigurationName = Release;
		};
		9AB3D2671E858FDC0011FB70 /* Build configuration list for PBXNativeTarget "MozzartSport" */ = {
			isa = XCConfigurationList;
			buildConfigurations = (
				9AB3D2681E858FDC0011FB70 /* Debug */,
				9AB3D2691E858FDC0011FB70 /* Release */,
			);
			defaultConfigurationIsVisible = 0;
		};
/* End XCConfigurationList section */
	};
	rootObject = 9AB3D24D1E858FDB0011FB70 /* Project object */;
}
